
Microsoft Visual Studio Solution File, Format Version 12.00
# Visual Studio 15
VisualStudioVersion = 15.0.28307.757
MinimumVisualStudioVersion = 10.0.40219.1
Project("{FAE04EC0-301F-11D3-BF4B-00C04F79EFBC}") = "ButtonsTestApp.Android", "ButtonsTestApp\ButtonsTestApp.Android\ButtonsTestApp.Android.csproj", "{D578AEAA-6102-4BA6-9A74-6AF81A88165C}"
EndProject
Project("{FAE04EC0-301F-11D3-BF4B-00C04F79EFBC}") = "ButtonsTestApp.iOS", "ButtonsTestApp\ButtonsTestApp.iOS\ButtonsTestApp.iOS.csproj", "{4212F8A8-E052-47A0-A085-7375B387190F}"
EndProject
Project("{FAE04EC0-301F-11D3-BF4B-00C04F79EFBC}") = "ButtonsTestApp", "ButtonsTestApp\ButtonsTestApp\ButtonsTestApp.csproj", "{6DD72D6E-68D8-4825-946D-2290255B3085}"
EndProject
Global
	GlobalSection(SolutionConfigurationPlatforms) = preSolution
		Ad-Hoc|Any CPU = Ad-Hoc|Any CPU
		Ad-Hoc|iPhone = Ad-Hoc|iPhone
		Ad-Hoc|iPhoneSimulator = Ad-Hoc|iPhoneSimulator
		AppStore|Any CPU = AppStore|Any CPU
		AppStore|iPhone = AppStore|iPhone
		AppStore|iPhoneSimulator = AppStore|iPhoneSimulator
		Debug|Any CPU = Debug|Any CPU
		Debug|iPhone = Debug|iPhone
		Debug|iPhoneSimulator = Debug|iPhoneSimulator
		Release|Any CPU = Release|Any CPU
		Release|iPhone = Release|iPhone
		Release|iPhoneSimulator = Release|iPhoneSimulator
	EndGlobalSection
	GlobalSection(ProjectConfigurationPlatforms) = postSolution
		{D578AEAA-6102-4BA6-9A74-6AF81A88165C}.Ad-Hoc|Any CPU.ActiveCfg = Release|Any CPU
		{D578AEAA-6102-4BA6-9A74-6AF81A88165C}.Ad-Hoc|Any CPU.Build.0 = Release|Any CPU
		{D578AEAA-6102-4BA6-9A74-6AF81A88165C}.Ad-Hoc|Any CPU.Deploy.0 = Release|Any CPU
		{D578AEAA-6102-4BA6-9A74-6AF81A88165C}.Ad-Hoc|iPhone.ActiveCfg = Release|Any CPU
		{D578AEAA-6102-4BA6-9A74-6AF81A88165C}.Ad-Hoc|iPhone.Build.0 = Release|Any CPU
		{D578AEAA-6102-4BA6-9A74-6AF81A88165C}.Ad-Hoc|iPhone.Deploy.0 = Release|Any CPU
		{D578AEAA-6102-4BA6-9A74-6AF81A88165C}.Ad-Hoc|iPhoneSimulator.ActiveCfg = Release|Any CPU
		{D578AEAA-6102-4BA6-9A74-6AF81A88165C}.Ad-Hoc|iPhoneSimulator.Build.0 = Release|Any CPU
		{D578AEAA-6102-4BA6-9A74-6AF81A88165C}.Ad-Hoc|iPhoneSimulator.Deploy.0 = Release|Any CPU
		{D578AEAA-6102-4BA6-9A74-6AF81A88165C}.AppStore|Any CPU.ActiveCfg = Release|Any CPU
		{D578AEAA-6102-4BA6-9A74-6AF81A88165C}.AppStore|Any CPU.Build.0 = Release|Any CPU
		{D578AEAA-6102-4BA6-9A74-6AF81A88165C}.AppStore|Any CPU.Deploy.0 = Release|Any CPU
		{D578AEAA-6102-4BA6-9A74-6AF81A88165C}.AppStore|iPhone.ActiveCfg = Release|Any CPU
		{D578AEAA-6102-4BA6-9A74-6AF81A88165C}.AppStore|iPhone.Build.0 = Release|Any CPU
		{D578AEAA-6102-4BA6-9A74-6AF81A88165C}.AppStore|iPhone.Deploy.0 = Release|Any CPU
		{D578AEAA-6102-4BA6-9A74-6AF81A88165C}.AppStore|iPhoneSimulator.ActiveCfg = Release|Any CPU
		{D578AEAA-6102-4BA6-9A74-6AF81A88165C}.AppStore|iPhoneSimulator.Build.0 = Release|Any CPU
		{D578AEAA-6102-4BA6-9A74-6AF81A88165C}.AppStore|iPhoneSimulator.Deploy.0 = Release|Any CPU
		{D578AEAA-6102-4BA6-9A74-6AF81A88165C}.Debug|Any CPU.ActiveCfg = Debug|Any CPU
		{D578AEAA-6102-4BA6-9A74-6AF81A88165C}.Debug|Any CPU.Build.0 = Debug|Any CPU
		{D578AEAA-6102-4BA6-9A74-6AF81A88165C}.Debug|Any CPU.Deploy.0 = Debug|Any CPU
		{D578AEAA-6102-4BA6-9A74-6AF81A88165C}.Debug|iPhone.ActiveCfg = Debug|Any CPU
		{D578AEAA-6102-4BA6-9A74-6AF81A88165C}.Debug|iPhone.Build.0 = Debug|Any CPU
		{D578AEAA-6102-4BA6-9A74-6AF81A88165C}.Debug|iPhone.Deploy.0 = Debug|Any CPU
		{D578AEAA-6102-4BA6-9A74-6AF81A88165C}.Debug|iPhoneSimulator.ActiveCfg = Debug|Any CPU
		{D578AEAA-6102-4BA6-9A74-6AF81A88165C}.Debug|iPhoneSimulator.Build.0 = Debug|Any CPU
		{D578AEAA-6102-4BA6-9A74-6AF81A88165C}.Debug|iPhoneSimulator.Deploy.0 = Debug|Any CPU
		{D578AEAA-6102-4BA6-9A74-6AF81A88165C}.Release|Any CPU.ActiveCfg = Release|Any CPU
		{D578AEAA-6102-4BA6-9A74-6AF81A88165C}.Release|Any CPU.Build.0 = Release|Any CPU
		{D578AEAA-6102-4BA6-9A74-6AF81A88165C}.Release|Any CPU.Deploy.0 = Release|Any CPU
		{D578AEAA-6102-4BA6-9A74-6AF81A88165C}.Release|iPhone.ActiveCfg = Release|Any CPU
		{D578AEAA-6102-4BA6-9A74-6AF81A88165C}.Release|iPhone.Build.0 = Release|Any CPU
		{D578AEAA-6102-4BA6-9A74-6AF81A88165C}.Release|iPhone.Deploy.0 = Release|Any CPU
		{D578AEAA-6102-4BA6-9A74-6AF81A88165C}.Release|iPhoneSimulator.ActiveCfg = Release|Any CPU
		{D578AEAA-6102-4BA6-9A74-6AF81A88165C}.Release|iPhoneSimulator.Build.0 = Release|Any CPU
		{D578AEAA-6102-4BA6-9A74-6AF81A88165C}.Release|iPhoneSimulator.Deploy.0 = Release|Any CPU
		{4212F8A8-E052-47A0-A085-7375B387190F}.Ad-Hoc|Any CPU.ActiveCfg = Ad-Hoc|iPhone
		{4212F8A8-E052-47A0-A085-7375B387190F}.Ad-Hoc|Any CPU.Build.0 = Ad-Hoc|iPhone
		{4212F8A8-E052-47A0-A085-7375B387190F}.Ad-Hoc|Any CPU.Deploy.0 = Ad-Hoc|iPhone
		{4212F8A8-E052-47A0-A085-7375B387190F}.Ad-Hoc|iPhone.ActiveCfg = Ad-Hoc|iPhone
		{4212F8A8-E052-47A0-A085-7375B387190F}.Ad-Hoc|iPhone.Build.0 = Ad-Hoc|iPhone
		{4212F8A8-E052-47A0-A085-7375B387190F}.Ad-Hoc|iPhone.Deploy.0 = Ad-Hoc|iPhone
		{4212F8A8-E052-47A0-A085-7375B387190F}.Ad-Hoc|iPhoneSimulator.ActiveCfg = Ad-Hoc|iPhoneSimulator
		{4212F8A8-E052-47A0-A085-7375B387190F}.Ad-Hoc|iPhoneSimulator.Build.0 = Ad-Hoc|iPhoneSimulator
		{4212F8A8-E052-47A0-A085-7375B387190F}.Ad-Hoc|iPhoneSimulator.Deploy.0 = Ad-Hoc|iPhoneSimulator
		{4212F8A8-E052-47A0-A085-7375B387190F}.AppStore|Any CPU.ActiveCfg = AppStore|iPhone
		{4212F8A8-E052-47A0-A085-7375B387190F}.AppStore|Any CPU.Build.0 = AppStore|iPhone
		{4212F8A8-E052-47A0-A085-7375B387190F}.AppStore|Any CPU.Deploy.0 = AppStore|iPhone
		{4212F8A8-E052-47A0-A085-7375B387190F}.AppStore|iPhone.ActiveCfg = AppStore|iPhone
		{4212F8A8-E052-47A0-A085-7375B387190F}.AppStore|iPhone.Build.0 = AppStore|iPhone
		{4212F8A8-E052-47A0-A085-7375B387190F}.AppStore|iPhone.Deploy.0 = AppStore|iPhone
		{4212F8A8-E052-47A0-A085-7375B387190F}.AppStore|iPhoneSimulator.ActiveCfg = AppStore|iPhoneSimulator
		{4212F8A8-E052-47A0-A085-7375B387190F}.AppStore|iPhoneSimulator.Build.0 = AppStore|iPhoneSimulator
		{4212F8A8-E052-47A0-A085-7375B387190F}.AppStore|iPhoneSimulator.Deploy.0 = AppStore|iPhoneSimulator
		{4212F8A8-E052-47A0-A085-7375B387190F}.Debug|Any CPU.ActiveCfg = Debug|iPhoneSimulator
		{4212F8A8-E052-47A0-A085-7375B387190F}.Debug|Any CPU.Build.0 = Debug|iPhoneSimulator
		{4212F8A8-E052-47A0-A085-7375B387190F}.Debug|Any CPU.Deploy.0 = Debug|iPhoneSimulator
		{4212F8A8-E052-47A0-A085-7375B387190F}.Debug|iPhone.ActiveCfg = Debug|iPhone
		{4212F8A8-E052-47A0-A085-7375B387190F}.Debug|iPhone.Build.0 = Debug|iPhone
		{4212F8A8-E052-47A0-A085-7375B387190F}.Debug|iPhone.Deploy.0 = Debug|iPhone
		{4212F8A8-E052-47A0-A085-7375B387190F}.Debug|iPhoneSimulator.ActiveCfg = Debug|iPhoneSimulator
		{4212F8A8-E052-47A0-A085-7375B387190F}.Debug|iPhoneSimulator.Build.0 = Debug|iPhoneSimulator
		{4212F8A8-E052-47A0-A085-7375B387190F}.Debug|iPhoneSimulator.Deploy.0 = Debug|iPhoneSimulator
		{4212F8A8-E052-47A0-A085-7375B387190F}.Release|Any CPU.ActiveCfg = Release|iPhone
		{4212F8A8-E052-47A0-A085-7375B387190F}.Release|Any CPU.Build.0 = Release|iPhone
		{4212F8A8-E052-47A0-A085-7375B387190F}.Release|Any CPU.Deploy.0 = Release|iPhone
		{4212F8A8-E052-47A0-A085-7375B387190F}.Release|iPhone.ActiveCfg = Release|iPhone
		{4212F8A8-E052-47A0-A085-7375B387190F}.Release|iPhone.Build.0 = Release|iPhone
		{4212F8A8-E052-47A0-A085-7375B387190F}.Release|iPhone.Deploy.0 = Release|iPhone
		{4212F8A8-E052-47A0-A085-7375B387190F}.Release|iPhoneSimulator.ActiveCfg = Release|iPhoneSimulator
		{4212F8A8-E052-47A0-A085-7375B387190F}.Release|iPhoneSimulator.Build.0 = Release|iPhoneSimulator
		{4212F8A8-E052-47A0-A085-7375B387190F}.Release|iPhoneSimulator.Deploy.0 = Release|iPhoneSimulator
		{6DD72D6E-68D8-4825-946D-2290255B3085}.Ad-Hoc|Any CPU.ActiveCfg = Debug|Any CPU
		{6DD72D6E-68D8-4825-946D-2290255B3085}.Ad-Hoc|Any CPU.Build.0 = Debug|Any CPU
		{6DD72D6E-68D8-4825-946D-2290255B3085}.Ad-Hoc|Any CPU.Deploy.0 = Debug|Any CPU
		{6DD72D6E-68D8-4825-946D-2290255B3085}.Ad-Hoc|iPhone.ActiveCfg = Debug|Any CPU
		{6DD72D6E-68D8-4825-946D-2290255B3085}.Ad-Hoc|iPhone.Build.0 = Debug|Any CPU
		{6DD72D6E-68D8-4825-946D-2290255B3085}.Ad-Hoc|iPhone.Deploy.0 = Debug|Any CPU
		{6DD72D6E-68D8-4825-946D-2290255B3085}.Ad-Hoc|iPhoneSimulator.ActiveCfg = Debug|Any CPU
		{6DD72D6E-68D8-4825-946D-2290255B3085}.Ad-Hoc|iPhoneSimulator.Build.0 = Debug|Any CPU
		{6DD72D6E-68D8-4825-946D-2290255B3085}.Ad-Hoc|iPhoneSimulator.Deploy.0 = Debug|Any CPU
		{6DD72D6E-68D8-4825-946D-2290255B3085}.AppStore|Any CPU.ActiveCfg = Debug|Any CPU
		{6DD72D6E-68D8-4825-946D-2290255B3085}.AppStore|Any CPU.Build.0 = Debug|Any CPU
		{6DD72D6E-68D8-4825-946D-2290255B3085}.AppStore|Any CPU.Deploy.0 = Debug|Any CPU
		{6DD72D6E-68D8-4825-946D-2290255B3085}.AppStore|iPhone.ActiveCfg = Debug|Any CPU
		{6DD72D6E-68D8-4825-946D-2290255B3085}.AppStore|iPhone.Build.0 = Debug|Any CPU
		{6DD72D6E-68D8-4825-946D-2290255B3085}.AppStore|iPhone.Deploy.0 = Debug|Any CPU
		{6DD72D6E-68D8-4825-946D-2290255B3085}.AppStore|iPhoneSimulator.ActiveCfg = Debug|Any CPU
		{6DD72D6E-68D8-4825-946D-2290255B3085}.AppStore|iPhoneSimulator.Build.0 = Debug|Any CPU
		{6DD72D6E-68D8-4825-946D-2290255B3085}.AppStore|iPhoneSimulator.Deploy.0 = Debug|Any CPU
		{6DD72D6E-68D8-4825-946D-2290255B3085}.Debug|Any CPU.ActiveCfg = Debug|Any CPU
		{6DD72D6E-68D8-4825-946D-2290255B3085}.Debug|Any CPU.Build.0 = Debug|Any CPU
		{6DD72D6E-68D8-4825-946D-2290255B3085}.Debug|Any CPU.Deploy.0 = Debug|Any CPU
		{6DD72D6E-68D8-4825-946D-2290255B3085}.Debug|iPhone.ActiveCfg = Debug|Any CPU
		{6DD72D6E-68D8-4825-946D-2290255B3085}.Debug|iPhone.Build.0 = Debug|Any CPU
		{6DD72D6E-68D8-4825-946D-2290255B3085}.Debug|iPhone.Deploy.0 = Debug|Any CPU
		{6DD72D6E-68D8-4825-946D-2290255B3085}.Debug|iPhoneSimulator.ActiveCfg = Debug|Any CPU
		{6DD72D6E-68D8-4825-946D-2290255B3085}.Debug|iPhoneSimulator.Build.0 = Debug|Any CPU
		{6DD72D6E-68D8-4825-946D-2290255B3085}.Debug|iPhoneSimulator.Deploy.0 = Debug|Any CPU
		{6DD72D6E-68D8-4825-946D-2290255B3085}.Release|Any CPU.ActiveCfg = Release|Any CPU
		{6DD72D6E-68D8-4825-946D-2290255B3085}.Release|Any CPU.Build.0 = Release|Any CPU
		{6DD72D6E-68D8-4825-946D-2290255B3085}.Release|Any CPU.Deploy.0 = Release|Any CPU
		{6DD72D6E-68D8-4825-946D-2290255B3085}.Release|iPhone.ActiveCfg = Release|Any CPU
		{6DD72D6E-68D8-4825-946D-2290255B3085}.Release|iPhone.Build.0 = Release|Any CPU
		{6DD72D6E-68D8-4825-946D-2290255B3085}.Release|iPhone.Deploy.0 = Release|Any CPU
		{6DD72D6E-68D8-4825-946D-2290255B3085}.Release|iPhoneSimulator.ActiveCfg = Release|Any CPU
		{6DD72D6E-68D8-4825-946D-2290255B3085}.Release|iPhoneSimulator.Build.0 = Release|Any CPU
		{6DD72D6E-68D8-4825-946D-2290255B3085}.Release|iPhoneSimulator.Deploy.0 = Release|Any CPU
	EndGlobalSection
	GlobalSection(SolutionProperties) = preSolution
		HideSolutionNode = FALSE
	EndGlobalSection
	GlobalSection(ExtensibilityGlobals) = postSolution
		SolutionGuid = {FA950705-50BA-42CB-8C78-653858C7C4B8}
	EndGlobalSection
EndGlobal
